// !$*UTF8*$!
{
	archiveVersion = 1;
	classes = {
	};
	objectVersion = 46;
	objects = {

/* Begin PBXBuildFile section */
		69ADE6CE1C6A4EDE0092D62D /* AppDelegate.swift in Sources */ = {isa = PBXBuildFile; fileRef = 69ADE6CD1C6A4EDE0092D62D /* AppDelegate.swift */; };
		69ADE6D01C6A4EDE0092D62D /* ViewController.swift in Sources */ = {isa = PBXBuildFile; fileRef = 69ADE6CF1C6A4EDE0092D62D /* ViewController.swift */; };
		69ADE6D31C6A4EDE0092D62D /* Main.storyboard in Resources */ = {isa = PBXBuildFile; fileRef = 69ADE6D11C6A4EDE0092D62D /* Main.storyboard */; };
		69ADE6D51C6A4EDE0092D62D /* Images.xcassets in Resources */ = {isa = PBXBuildFile; fileRef = 69ADE6D41C6A4EDE0092D62D /* Images.xcassets */; };
		69ADE6D81C6A4EDE0092D62D /* LaunchScreen.xib in Resources */ = {isa = PBXBuildFile; fileRef = 69ADE6D61C6A4EDE0092D62D /* LaunchScreen.xib */; };
		69ADE6E41C6A4EDE0092D62D /* StormyTests.swift in Sources */ = {isa = PBXBuildFile; fileRef = 69ADE6E31C6A4EDE0092D62D /* StormyTests.swift */; };
		69ADE6F01C6AE3340092D62D /* CurrentWeather.plist in Resources */ = {isa = PBXBuildFile; fileRef = 69ADE6EF1C6AE3340092D62D /* CurrentWeather.plist */; };
		69ADE6F21C6AE38C0092D62D /* CurrentWeather.swift in Sources */ = {isa = PBXBuildFile; fileRef = 69ADE6F11C6AE38C0092D62D /* CurrentWeather.swift */; };
		69ADE6F41C6C4A080092D62D /* NetworkOperation.swift in Sources */ = {isa = PBXBuildFile; fileRef = 69ADE6F31C6C4A080092D62D /* NetworkOperation.swift */; };
		69ADE6FB1C6D79D80092D62D /* ForecastService.swift in Sources */ = {isa = PBXBuildFile; fileRef = 69ADE6FA1C6D79D80092D62D /* ForecastService.swift */; };
/* End PBXBuildFile section */

/* Begin PBXContainerItemProxy section */
		69ADE6DE1C6A4EDE0092D62D /* PBXContainerItemProxy */ = {
			isa = PBXContainerItemProxy;
			containerPortal = 69ADE6C01C6A4EDE0092D62D /* Project object */;
			proxyType = 1;
			remoteGlobalIDString = 69ADE6C71C6A4EDE0092D62D;
			remoteInfo = Stormy;
		};
/* End PBXContainerItemProxy section */

/* Begin PBXFileReference section */
		69ADE6C81C6A4EDE0092D62D /* Stormy.app */ = {isa = PBXFileReference; explicitFileType = wrapper.application; includeInIndex = 0; path = Stormy.app; sourceTree = BUILT_PRODUCTS_DIR; };
		69ADE6CC1C6A4EDE0092D62D /* Info.plist */ = {isa = PBXFileReference; lastKnownFileType = text.plist.xml; path = Info.plist; sourceTree = "<group>"; };
		69ADE6CD1C6A4EDE0092D62D /* AppDelegate.swift */ = {isa = PBXFileReference; lastKnownFileType = sourcecode.swift; path = AppDelegate.swift; sourceTree = "<group>"; };
		69ADE6CF1C6A4EDE0092D62D /* ViewController.swift */ = {isa = PBXFileReference; lastKnownFileType = sourcecode.swift; path = ViewController.swift; sourceTree = "<group>"; };
		69ADE6D21C6A4EDE0092D62D /* Base */ = {isa = PBXFileReference; lastKnownFileType = file.storyboard; name = Base; path = Base.lproj/Main.storyboard; sourceTree = "<group>"; };
		69ADE6D41C6A4EDE0092D62D /* Images.xcassets */ = {isa = PBXFileReference; lastKnownFileType = folder.assetcatalog; path = Images.xcassets; sourceTree = "<group>"; };
		69ADE6D71C6A4EDE0092D62D /* Base */ = {isa = PBXFileReference; lastKnownFileType = file.xib; name = Base; path = Base.lproj/LaunchScreen.xib; sourceTree = "<group>"; };
		69ADE6DD1C6A4EDE0092D62D /* StormyTests.xctest */ = {isa = PBXFileReference; explicitFileType = wrapper.cfbundle; includeInIndex = 0; path = StormyTests.xctest; sourceTree = BUILT_PRODUCTS_DIR; };
		69ADE6E21C6A4EDE0092D62D /* Info.plist */ = {isa = PBXFileReference; lastKnownFileType = text.plist.xml; path = Info.plist; sourceTree = "<group>"; };
		69ADE6E31C6A4EDE0092D62D /* StormyTests.swift */ = {isa = PBXFileReference; lastKnownFileType = sourcecode.swift; path = StormyTests.swift; sourceTree = "<group>"; };
		69ADE6EF1C6AE3340092D62D /* CurrentWeather.plist */ = {isa = PBXFileReference; fileEncoding = 4; lastKnownFileType = text.plist.xml; name = CurrentWeather.plist; path = ../../../../../Downloads/CurrentWeather.plist; sourceTree = "<group>"; };
		69ADE6F11C6AE38C0092D62D /* CurrentWeather.swift */ = {isa = PBXFileReference; fileEncoding = 4; lastKnownFileType = sourcecode.swift; path = CurrentWeather.swift; sourceTree = "<group>"; };
		69ADE6F31C6C4A080092D62D /* NetworkOperation.swift */ = {isa = PBXFileReference; fileEncoding = 4; lastKnownFileType = sourcecode.swift; path = NetworkOperation.swift; sourceTree = "<group>"; };
		69ADE6F91C6C7E860092D62D /* MyPlayground.playground */ = {isa = PBXFileReference; lastKnownFileType = file.playground; path = MyPlayground.playground; sourceTree = "<group>"; };
		69ADE6FA1C6D79D80092D62D /* ForecastService.swift */ = {isa = PBXFileReference; fileEncoding = 4; lastKnownFileType = sourcecode.swift; path = ForecastService.swift; sourceTree = "<group>"; };
/* End PBXFileReference section */

/* Begin PBXFrameworksBuildPhase section */
		69ADE6C51C6A4EDE0092D62D /* Frameworks */ = {
			isa = PBXFrameworksBuildPhase;
			buildActionMask = 2147483647;
			files = (
			);
			runOnlyForDeploymentPostprocessing = 0;
		};
		69ADE6DA1C6A4EDE0092D62D /* Frameworks */ = {
			isa = PBXFrameworksBuildPhase;
			buildActionMask = 2147483647;
			files = (
			);
			runOnlyForDeploymentPostprocessing = 0;
		};
/* End PBXFrameworksBuildPhase section */

/* Begin PBXGroup section */
		69ADE6BF1C6A4EDE0092D62D = {
			isa = PBXGroup;
			children = (
				69ADE6F91C6C7E860092D62D /* MyPlayground.playground */,
				69ADE6CA1C6A4EDE0092D62D /* Stormy */,
				69ADE6E01C6A4EDE0092D62D /* StormyTests */,
				69ADE6C91C6A4EDE0092D62D /* Products */,
			);
			sourceTree = "<group>";
		};
		69ADE6C91C6A4EDE0092D62D /* Products */ = {
			isa = PBXGroup;
			children = (
				69ADE6C81C6A4EDE0092D62D /* Stormy.app */,
				69ADE6DD1C6A4EDE0092D62D /* StormyTests.xctest */,
			);
			name = Products;
			sourceTree = "<group>";
		};
		69ADE6CA1C6A4EDE0092D62D /* Stormy */ = {
			isa = PBXGroup;
			children = (
				69ADE6CD1C6A4EDE0092D62D /* AppDelegate.swift */,
				69ADE6CF1C6A4EDE0092D62D /* ViewController.swift */,
				69ADE6F11C6AE38C0092D62D /* CurrentWeather.swift */,
				69ADE6D11C6A4EDE0092D62D /* Main.storyboard */,
				69ADE6D41C6A4EDE0092D62D /* Images.xcassets */,
				69ADE6D61C6A4EDE0092D62D /* LaunchScreen.xib */,
				69ADE6CB1C6A4EDE0092D62D /* Supporting Files */,
				69ADE6F31C6C4A080092D62D /* NetworkOperation.swift */,
				69ADE6FA1C6D79D80092D62D /* ForecastService.swift */,
			);
			path = Stormy;
			sourceTree = "<group>";
		};
		69ADE6CB1C6A4EDE0092D62D /* Supporting Files */ = {
			isa = PBXGroup;
			children = (
				69ADE6EF1C6AE3340092D62D /* CurrentWeather.plist */,
				69ADE6CC1C6A4EDE0092D62D /* Info.plist */,
			);
			name = "Supporting Files";
			sourceTree = "<group>";
		};
		69ADE6E01C6A4EDE0092D62D /* StormyTests */ = {
			isa = PBXGroup;
			children = (
				69ADE6E31C6A4EDE0092D62D /* StormyTests.swift */,
				69ADE6E11C6A4EDE0092D62D /* Supporting Files */,
			);
			path = StormyTests;
			sourceTree = "<group>";
		};
		69ADE6E11C6A4EDE0092D62D /* Supporting Files */ = {
			isa = PBXGroup;
			children = (
				69ADE6E21C6A4EDE0092D62D /* Info.plist */,
			);
			name = "Supporting Files";
			sourceTree = "<group>";
		};
/* End PBXGroup section */

/* Begin PBXNativeTarget section */
		69ADE6C71C6A4EDE0092D62D /* Stormy */ = {
			isa = PBXNativeTarget;
			buildConfigurationList = 69ADE6E71C6A4EDE0092D62D /* Build configuration list for PBXNativeTarget "Stormy" */;
			buildPhases = (
				69ADE6C41C6A4EDE0092D62D /* Sources */,
				69ADE6C51C6A4EDE0092D62D /* Frameworks */,
				69ADE6C61C6A4EDE0092D62D /* Resources */,
			);
			buildRules = (
			);
			dependencies = (
			);
			name = Stormy;
			productName = Stormy;
			productReference = 69ADE6C81C6A4EDE0092D62D /* Stormy.app */;
			productType = "com.apple.product-type.application";
		};
		69ADE6DC1C6A4EDE0092D62D /* StormyTests */ = {
			isa = PBXNativeTarget;
			buildConfigurationList = 69ADE6EA1C6A4EDE0092D62D /* Build configuration list for PBXNativeTarget "StormyTests" */;
			buildPhases = (
				69ADE6D91C6A4EDE0092D62D /* Sources */,
				69ADE6DA1C6A4EDE0092D62D /* Frameworks */,
				69ADE6DB1C6A4EDE0092D62D /* Resources */,
			);
			buildRules = (
			);
			dependencies = (
				69ADE6DF1C6A4EDE0092D62D /* PBXTargetDependency */,
			);
			name = StormyTests;
			productName = StormyTests;
			productReference = 69ADE6DD1C6A4EDE0092D62D /* StormyTests.xctest */;
			productType = "com.apple.product-type.bundle.unit-test";
		};
/* End PBXNativeTarget section */

/* Begin PBXProject section */
		69ADE6C01C6A4EDE0092D62D /* Project object */ = {
			isa = PBXProject;
			attributes = {
				LastUpgradeCheck = 0640;
				ORGANIZATIONNAME = Treehouse;
				TargetAttributes = {
					69ADE6C71C6A4EDE0092D62D = {
						CreatedOnToolsVersion = 6.4;
					};
					69ADE6DC1C6A4EDE0092D62D = {
						CreatedOnToolsVersion = 6.4;
						TestTargetID = 69ADE6C71C6A4EDE0092D62D;
					};
				};
			};
			buildConfigurationList = 69ADE6C31C6A4EDE0092D62D /* Build configuration list for PBXProject "Stormy" */;
			compatibilityVersion = "Xcode 3.2";
			developmentRegion = English;
			hasScannedForEncodings = 0;
			knownRegions = (
				en,
				Base,
			);
			mainGroup = 69ADE6BF1C6A4EDE0092D62D;
			productRefGroup = 69ADE6C91C6A4EDE0092D62D /* Products */;
			projectDirPath = "";
			projectRoot = "";
			targets = (
				69ADE6C71C6A4EDE0092D62D /* Stormy */,
				69ADE6DC1C6A4EDE0092D62D /* StormyTests */,
			);
		};
/* End PBXProject section */

/* Begin PBXResourcesBuildPhase section */
		69ADE6C61C6A4EDE0092D62D /* Resources */ = {
			isa = PBXResourcesBuildPhase;
			buildActionMask = 2147483647;
			files = (
				69ADE6D31C6A4EDE0092D62D /* Main.storyboard in Resources */,
				69ADE6F01C6AE3340092D62D /* CurrentWeather.plist in Resources */,
				69ADE6D81C6A4EDE0092D62D /* LaunchScreen.xib in Resources */,
				69ADE6D51C6A4EDE0092D62D /* Images.xcassets in Resources */,
			);
			runOnlyForDeploymentPostprocessing = 0;
		};
		69ADE6DB1C6A4EDE0092D62D /* Resources */ = {
			isa = PBXResourcesBuildPhase;
			buildActionMask = 2147483647;
			files = (
			);
			runOnlyForDeploymentPostprocessing = 0;
		};
/* End PBXResourcesBuildPhase section */

/* Begin PBXSourcesBuildPhase section */
		69ADE6C41C6A4EDE0092D62D /* Sources */ = {
			isa = PBXSourcesBuildPhase;
			buildActionMask = 2147483647;
			files = (
				69ADE6F41C6C4A080092D62D /* NetworkOperation.swift in Sources */,
				69ADE6D01C6A4EDE0092D62D /* ViewController.swift in Sources */,
				69ADE6F21C6AE38C0092D62D /* CurrentWeather.swift in Sources */,
				69ADE6FB1C6D79D80092D62D /* ForecastService.swift in Sources */,
				69ADE6CE1C6A4EDE0092D62D /* AppDelegate.swift in Sources */,
			);
			runOnlyForDeploymentPostprocessing = 0;
		};
		69ADE6D91C6A4EDE0092D62D /* Sources */ = {
			isa = PBXSourcesBuildPhase;
			buildActionMask = 2147483647;
			files = (
				69ADE6E41C6A4EDE0092D62D /* StormyTests.swift in Sources */,
			);
			runOnlyForDeploymentPostprocessing = 0;
		};
/* End PBXSourcesBuildPhase section */

/* Begin PBXTargetDependency section */
		69ADE6DF1C6A4EDE0092D62D /* PBXTargetDependency */ = {
			isa = PBXTargetDependency;
			target = 69ADE6C71C6A4EDE0092D62D /* Stormy */;
			targetProxy = 69ADE6DE1C6A4EDE0092D62D /* PBXContainerItemProxy */;
		};
/* End PBXTargetDependency section */

/* Begin PBXVariantGroup section */
		69ADE6D11C6A4EDE0092D62D /* Main.storyboard */ = {
			isa = PBXVariantGroup;
			children = (
				69ADE6D21C6A4EDE0092D62D /* Base */,
			);
			name = Main.storyboard;
			sourceTree = "<group>";
		};
		69ADE6D61C6A4EDE0092D62D /* LaunchScreen.xib */ = {
			isa = PBXVariantGroup;
			children = (
				69ADE6D71C6A4EDE0092D62D /* Base */,
			);
			name = LaunchScreen.xib;
			sourceTree = "<group>";
		};
/* End PBXVariantGroup section */

/* Begin XCBuildConfiguration section */
		69ADE6E51C6A4EDE0092D62D /* Debug */ = {
			isa = XCBuildConfiguration;
			buildSettings = {
				ALWAYS_SEARCH_USER_PATHS = NO;
				CLANG_CXX_LANGUAGE_STANDARD = "gnu++0x";
				CLANG_CXX_LIBRARY = "libc++";
				CLANG_ENABLE_MODULES = YES;
				CLANG_ENABLE_OBJC_ARC = YES;
				CLANG_WARN_BOOL_CONVERSION = YES;
				CLANG_WARN_CONSTANT_CONVERSION = YES;
				CLANG_WARN_DIRECT_OBJC_ISA_USAGE = YES_ERROR;
				CLANG_WARN_EMPTY_BODY = YES;
				CLANG_WARN_ENUM_CONVERSION = YES;
				CLANG_WARN_INT_CONVERSION = YES;
				CLANG_WARN_OBJC_ROOT_CLASS = YES_ERROR;
				CLANG_WARN_UNREACHABLE_CODE = YES;
				CLANG_WARN__DUPLICATE_METHOD_MATCH = YES;
				"CODE_SIGN_IDENTITY[sdk=iphoneos*]" = "iPhone Developer";
				COPY_PHASE_STRIP = NO;
				DEBUG_INFORMATION_FORMAT = "dwarf-with-dsym";
				ENABLE_STRICT_OBJC_MSGSEND = YES;
				GCC_C_LANGUAGE_STANDARD = gnu99;
				GCC_DYNAMIC_NO_PIC = NO;
				GCC_NO_COMMON_BLOCKS = YES;
				GCC_OPTIMIZATION_LEVEL = 0;
				GCC_PREPROCESSOR_DEFINITIONS = (
					"DEBUG=1",
					"$(inherited)",
				);
				GCC_SYMBOLS_PRIVATE_EXTERN = NO;
				GCC_WARN_64_TO_32_BIT_CONVERSION = YES;
				GCC_WARN_ABOUT_RETURN_TYPE = YES_ERROR;
				GCC_WARN_UNDECLARED_SELECTOR = YES;
				GCC_WARN_UNINITIALIZED_AUTOS = YES_AGGRESSIVE;
				GCC_WARN_UNUSED_FUNCTION = YES;
				GCC_WARN_UNUSED_VARIABLE = YES;
				IPHONEOS_DEPLOYMENT_TARGET = 8.4;
				MTL_ENABLE_DEBUG_INFO = YES;
				ONLY_ACTIVE_ARCH = YES;
				SDKROOT = iphoneos;
				SWIFT_OPTIMIZATION_LEVEL = "-Onone";
			};
			name = Debug;
		};
		69ADE6E61C6A4EDE0092D62D /* Release */ = {
			isa = XCBuildConfiguration;
			buildSettings = {
				ALWAYS_SEARCH_USER_PATHS = NO;
				CLANG_CXX_LANGUAGE_STANDARD = "gnu++0x";
				CLANG_CXX_LIBRARY = "libc++";
				CLANG_ENABLE_MODULES = YES;
				CLANG_ENABLE_OBJC_ARC = YES;
				CLANG_WARN_BOOL_CONVERSION = YES;
				CLANG_WARN_CONSTANT_CONVERSION = YES;
				CLANG_WARN_DIRECT_OBJC_ISA_USAGE = YES_ERROR;
				CLANG_WARN_EMPTY_BODY = YES;
				CLANG_WARN_ENUM_CONVERSION = YES;
				CLANG_WARN_INT_CONVERSION = YES;
				CLANG_WARN_OBJC_ROOT_CLASS = YES_ERROR;
				CLANG_WARN_UNREACHABLE_CODE = YES;
				CLANG_WARN__DUPLICATE_METHOD_MATCH = YES;
				"CODE_SIGN_IDENTITY[sdk=iphoneos*]" = "iPhone Developer";
				COPY_PHASE_STRIP = NO;
				DEBUG_INFORMATION_FORMAT = "dwarf-with-dsym";
				ENABLE_NS_ASSERTIONS = NO;
				ENABLE_STRICT_OBJC_MSGSEND = YES;
				GCC_C_LANGUAGE_STANDARD = gnu99;
				GCC_NO_COMMON_BLOCKS = YES;
				GCC_WARN_64_TO_32_BIT_CONVERSION = YES;
				GCC_WARN_ABOUT_RETURN_TYPE = YES_ERROR;
				GCC_WARN_UNDECLARED_SELECTOR = YES;
				GCC_WARN_UNINITIALIZED_AUTOS = YES_AGGRESSIVE;
				GCC_WARN_UNUSED_FUNCTION = YES;
				GCC_WARN_UNUSED_VARIABLE = YES;
				IPHONEOS_DEPLOYMENT_TARGET = 8.4;
				MTL_ENABLE_DEBUG_INFO = NO;
				SDKROOT = iphoneos;
				VALIDATE_PRODUCT = YES;
			};
			name = Release;
		};
		69ADE6E81C6A4EDE0092D62D /* Debug */ = {
			isa = XCBuildConfiguration;
			buildSettings = {
				ASSETCATALOG_COMPILER_APPICON_NAME = AppIcon;
				INFOPLIST_FILE = Stormy/Info.plist;
				LD_RUNPATH_SEARCH_PATHS = "$(inherited) @executable_path/Frameworks";
				PRODUCT_NAME = "$(TARGET_NAME)";
			};
			name = Debug;
		};
		69ADE6E91C6A4EDE0092D62D /* Release */ = {
			isa = XCBuildConfiguration;
			buildSettings = {
				ASSETCATALOG_COMPILER_APPICON_NAME = AppIcon;
				INFOPLIST_FILE = Stormy/Info.plist;
				LD_RUNPATH_SEARCH_PATHS = "$(inherited) @executable_path/Frameworks";
				PRODUCT_NAME = "$(TARGET_NAME)";
			};
			name = Release;
		};
		69ADE6EB1C6A4EDE0092D62D /* Debug */ = {
			isa = XCBuildConfiguration;
			buildSettings = {
				BUNDLE_LOADER = "$(TEST_HOST)";
				FRAMEWORK_SEARCH_PATHS = (
					"$(SDKROOT)/Developer/Library/Frameworks",
					"$(inherited)",
				);
				GCC_PREPROCESSOR_DEFINITIONS = (
					"DEBUG=1",
					"$(inherited)",
				);
				INFOPLIST_FILE = StormyTests/Info.plist;
				LD_RUNPATH_SEARCH_PATHS = "$(inherited) @executable_path/Frameworks @loader_path/Frameworks";
				PRODUCT_NAME = "$(TARGET_NAME)";
				TEST_HOST = "$(BUILT_PRODUCTS_DIR)/Stormy.app/Stormy";
			};
			name = Debug;
		};
		69ADE6EC1C6A4EDE0092D62D /* Release */ = {
			isa = XCBuildConfiguration;
			buildSettings = {
				BUNDLE_LOADER = "$(TEST_HOST)";
				FRAMEWORK_SEARCH_PATHS = (
					"$(SDKROOT)/Developer/Library/Frameworks",
					"$(inherited)",
				);
				INFOPLIST_FILE = StormyTests/Info.plist;
				LD_RUNPATH_SEARCH_PATHS = "$(inherited) @executable_path/Frameworks @loader_path/Frameworks";
				PRODUCT_NAME = "$(TARGET_NAME)";
				TEST_HOST = "$(BUILT_PRODUCTS_DIR)/Stormy.app/Stormy";
			};
			name = Release;
		};
/* End XCBuildConfiguration section */

/* Begin XCConfigurationList section */
		69ADE6C31C6A4EDE0092D62D /* Build configuration list for PBXProject "Stormy" */ = {
			isa = XCConfigurationList;
			buildConfigurations = (
				69ADE6E51C6A4EDE0092D62D /* Debug */,
				69ADE6E61C6A4EDE0092D62D /* Release */,
			);
			defaultConfigurationIsVisible = 0;
			defaultConfigurationName = Release;
		};
		69ADE6E71C6A4EDE0092D62D /* Build configuration list for PBXNativeTarget "Stormy" */ = {
			isa = XCConfigurationList;
			buildConfigurations = (
				69ADE6E81C6A4EDE0092D62D /* Debug */,
				69ADE6E91C6A4EDE0092D62D /* Release */,
			);
			defaultConfigurationIsVisible = 0;
			defaultConfigurationName = Release;
		};
		69ADE6EA1C6A4EDE0092D62D /* Build configuration list for PBXNativeTarget "StormyTests" */ = {
			isa = XCConfigurationList;
			buildConfigurations = (
				69ADE6EB1C6A4EDE0092D62D /* Debug */,
				69ADE6EC1C6A4EDE0092D62D /* Release */,
			);
			defaultConfigurationIsVisible = 0;
			defaultConfigurationName = Release;
		};
/* End XCConfigurationList section */
	};
	rootObject = 69ADE6C01C6A4EDE0092D62D /* Project object */;
}
